Microsoft Visual Studio Solution File, Format Version 11.00
# Visual Studio 2008

Project("{55CCA92E-AA3E-D33F-93E7-A558AB356D76}") = "DGM1600", "Assembly-CSharp.csproj", "{5A30D3AE-7BA2-5D58-447F-83ECF7EF97EE}"
EndProject
Global
	GlobalSection(SolutionConfigurationPlatforms) = preSolution
		Debug|Any CPU = Debug|Any CPU
		Release|Any CPU = Release|Any CPU
	EndGlobalSection
	GlobalSection(ProjectConfigurationPlatforms) = postSolution
		{5A30D3AE-7BA2-5D58-447F-83ECF7EF97EE}.Debug|Any CPU.ActiveCfg = Debug|Any CPU
		{5A30D3AE-7BA2-5D58-447F-83ECF7EF97EE}.Debug|Any CPU.Build.0 = Debug|Any CPU
		{5A30D3AE-7BA2-5D58-447F-83ECF7EF97EE}.Release|Any CPU.ActiveCfg = Release|Any CPU
		{5A30D3AE-7BA2-5D58-447F-83ECF7EF97EE}.Release|Any CPU.Build.0 = Release|Any CPU
	EndGlobalSection
	GlobalSection(SolutionProperties) = preSolution
		HideSolutionNode = FALSE
	EndGlobalSection
	GlobalSection(MonoDevelopProperties) = preSolution
		StartupItem = Assembly-CSharp.csproj
	EndGlobalSection
EndGlobal
